// !$*UTF8*$!
{
	archiveVersion = 1;
	classes = {
	};
	objectVersion = 50;
	objects = {

/* Begin PBXBuildFile section */
		760E4FE2214EBB3B00AE61C9 /* AppDelegate.swift in Sources */ = {isa = PBXBuildFile; fileRef = 760E4FE1214EBB3B00AE61C9 /* AppDelegate.swift */; };
		760E4FE4214EBB3B00AE61C9 /* ViewController.swift in Sources */ = {isa = PBXBuildFile; fileRef = 760E4FE3214EBB3B00AE61C9 /* ViewController.swift */; };
		760E4FE9214EBB3E00AE61C9 /* Assets.xcassets in Resources */ = {isa = PBXBuildFile; fileRef = 760E4FE8214EBB3E00AE61C9 /* Assets.xcassets */; };
		760E4FEC214EBB3E00AE61C9 /* LaunchScreen.storyboard in Resources */ = {isa = PBXBuildFile; fileRef = 760E4FEA214EBB3E00AE61C9 /* LaunchScreen.storyboard */; };
		760E4FF4214EBC0000AE61C9 /* UIImage + Gif.swift in Sources */ = {isa = PBXBuildFile; fileRef = 760E4FF3214EBC0000AE61C9 /* UIImage + Gif.swift */; };
		760E4FF6214EBDA500AE61C9 /* customLoader.swift in Sources */ = {isa = PBXBuildFile; fileRef = 760E4FF5214EBDA500AE61C9 /* customLoader.swift */; };
		760E4FF8214EBE8600AE61C9 /* Service.swift in Sources */ = {isa = PBXBuildFile; fileRef = 760E4FF7214EBE8600AE61C9 /* Service.swift */; };
		946FAEAE214FB1E100E5D057 /* giphy.gif in Resources */ = {isa = PBXBuildFile; fileRef = 946FAEAD214FB1E100E5D057 /* giphy.gif */; };
		946FAEB0214FB2AE00E5D057 /* giphy2.gif in Resources */ = {isa = PBXBuildFile; fileRef = 946FAEAF214FB2AE00E5D057 /* giphy2.gif */; };
/* End PBXBuildFile section */

/* Begin PBXFileReference section */
		760E4FDE214EBB3B00AE61C9 /* customLoader.app */ = {isa = PBXFileReference; explicitFileType = wrapper.application; includeInIndex = 0; path = customLoader.app; sourceTree = BUILT_PRODUCTS_DIR; };
		760E4FE1214EBB3B00AE61C9 /* AppDelegate.swift */ = {isa = PBXFileReference; lastKnownFileType = sourcecode.swift; path = AppDelegate.swift; sourceTree = "<group>"; };
		760E4FE3214EBB3B00AE61C9 /* ViewController.swift */ = {isa = PBXFileReference; lastKnownFileType = sourcecode.swift; path = ViewController.swift; sourceTree = "<group>"; };
		760E4FE8214EBB3E00AE61C9 /* Assets.xcassets */ = {isa = PBXFileReference; lastKnownFileType = folder.assetcatalog; path = Assets.xcassets; sourceTree = "<group>"; };
		760E4FEB214EBB3E00AE61C9 /* Base */ = {isa = PBXFileReference; lastKnownFileType = file.storyboard; name = Base; path = Base.lproj/LaunchScreen.storyboard; sourceTree = "<group>"; };
		760E4FED214EBB3E00AE61C9 /* Info.plist */ = {isa = PBXFileReference; lastKnownFileType = text.plist.xml; path = Info.plist; sourceTree = "<group>"; };
		760E4FF3214EBC0000AE61C9 /* UIImage + Gif.swift */ = {isa = PBXFileReference; lastKnownFileType = sourcecode.swift; path = "UIImage + Gif.swift"; sourceTree = "<group>"; };
		760E4FF5214EBDA500AE61C9 /* customLoader.swift */ = {isa = PBXFileReference; lastKnownFileType = sourcecode.swift; path = customLoader.swift; sourceTree = "<group>"; };
		760E4FF7214EBE8600AE61C9 /* Service.swift */ = {isa = PBXFileReference; lastKnownFileType = sourcecode.swift; path = Service.swift; sourceTree = "<group>"; };
		946FAEAD214FB1E100E5D057 /* giphy.gif */ = {isa = PBXFileReference; lastKnownFileType = image.gif; name = giphy.gif; path = ../../../Downloads/giphy.gif; sourceTree = "<group>"; };
		946FAEAF214FB2AE00E5D057 /* giphy2.gif */ = {isa = PBXFileReference; lastKnownFileType = image.gif; name = giphy2.gif; path = ../../Downloads/giphy2.gif; sourceTree = SOURCE_ROOT; };
/* End PBXFileReference section */

/* Begin PBXFrameworksBuildPhase section */
		760E4FDB214EBB3B00AE61C9 /* Frameworks */ = {
			isa = PBXFrameworksBuildPhase;
			buildActionMask = 2147483647;
			files = (
			);
			runOnlyForDeploymentPostprocessing = 0;
		};
/* End PBXFrameworksBuildPhase section */

/* Begin PBXGroup section */
		760E4FD5214EBB3B00AE61C9 = {
			isa = PBXGroup;
			children = (
				760E4FE0214EBB3B00AE61C9 /* customLoader */,
				760E4FDF214EBB3B00AE61C9 /* Products */,
			);
			sourceTree = "<group>";
		};
		760E4FDF214EBB3B00AE61C9 /* Products */ = {
			isa = PBXGroup;
			children = (
				760E4FDE214EBB3B00AE61C9 /* customLoader.app */,
			);
			name = Products;
			sourceTree = "<group>";
		};
		760E4FE0214EBB3B00AE61C9 /* customLoader */ = {
			isa = PBXGroup;
			children = (
				760E4FE1214EBB3B00AE61C9 /* AppDelegate.swift */,
				760E4FE3214EBB3B00AE61C9 /* ViewController.swift */,
				760E4FF5214EBDA500AE61C9 /* customLoader.swift */,
				760E4FF7214EBE8600AE61C9 /* Service.swift */,
				760E4FF3214EBC0000AE61C9 /* UIImage + Gif.swift */,
				760E4FE8214EBB3E00AE61C9 /* Assets.xcassets */,
				946FAEAD214FB1E100E5D057 /* giphy.gif */,
				946FAEAF214FB2AE00E5D057 /* giphy2.gif */,
				760E4FEA214EBB3E00AE61C9 /* LaunchScreen.storyboard */,
				760E4FED214EBB3E00AE61C9 /* Info.plist */,
			);
			path = customLoader;
			sourceTree = "<group>";
		};
/* End PBXGroup section */

/* Begin PBXNativeTarget section */
		760E4FDD214EBB3B00AE61C9 /* customLoader */ = {
			isa = PBXNativeTarget;
			buildConfigurationList = 760E4FF0214EBB3E00AE61C9 /* Build configuration list for PBXNativeTarget "customLoader" */;
			buildPhases = (
				760E4FDA214EBB3B00AE61C9 /* Sources */,
				760E4FDB214EBB3B00AE61C9 /* Frameworks */,
				760E4FDC214EBB3B00AE61C9 /* Resources */,
			);
			buildRules = (
			);
			dependencies = (
			);
			name = customLoader;
			productName = customLoader;
			productReference = 760E4FDE214EBB3B00AE61C9 /* customLoader.app */;
			productType = "com.apple.product-type.application";
		};
/* End PBXNativeTarget section */

/* Begin PBXProject section */
		760E4FD6214EBB3B00AE61C9 /* Project object */ = {
			isa = PBXProject;
			attributes = {
				LastSwiftUpdateCheck = 0940;
				LastUpgradeCheck = 0940;
				ORGANIZATIONNAME = "Audrey Roemer";
				TargetAttributes = {
					760E4FDD214EBB3B00AE61C9 = {
						CreatedOnToolsVersion = 9.4.1;
					};
				};
			};
			buildConfigurationList = 760E4FD9214EBB3B00AE61C9 /* Build configuration list for PBXProject "customLoader" */;
			compatibilityVersion = "Xcode 9.3";
			developmentRegion = en;
			hasScannedForEncodings = 0;
			knownRegions = (
				en,
				Base,
			);
			mainGroup = 760E4FD5214EBB3B00AE61C9;
			productRefGroup = 760E4FDF214EBB3B00AE61C9 /* Products */;
			projectDirPath = "";
			projectRoot = "";
			targets = (
				760E4FDD214EBB3B00AE61C9 /* customLoader */,
			);
		};
/* End PBXProject section */

/* Begin PBXResourcesBuildPhase section */
		760E4FDC214EBB3B00AE61C9 /* Resources */ = {
			isa = PBXResourcesBuildPhase;
			buildActionMask = 2147483647;
			files = (
				760E4FEC214EBB3E00AE61C9 /* LaunchScreen.storyboard in Resources */,
				946FAEB0214FB2AE00E5D057 /* giphy2.gif in Resources */,
				946FAEAE214FB1E100E5D057 /* giphy.gif in Resources */,
				760E4FE9214EBB3E00AE61C9 /* Assets.xcassets in Resources */,
			);
			runOnlyForDeploymentPostprocessing = 0;
		};
/* End PBXResourcesBuildPhase section */

/* Begin PBXSourcesBuildPhase section */
		760E4FDA214EBB3B00AE61C9 /* Sources */ = {
			isa = PBXSourcesBuildPhase;
			buildActionMask = 2147483647;
			files = (
				760E4FE4214EBB3B00AE61C9 /* ViewController.swift in Sources */,
				760E4FF4214EBC0000AE61C9 /* UIImage + Gif.swift in Sources */,
				760E4FF8214EBE8600AE61C9 /* Service.swift in Sources */,
				760E4FE2214EBB3B00AE61C9 /* AppDelegate.swift in Sources */,
				760E4FF6214EBDA500AE61C9 /* customLoader.swift in Sources */,
			);
			runOnlyForDeploymentPostprocessing = 0;
		};
/* End PBXSourcesBuildPhase section */

/* Begin PBXVariantGroup section */
		760E4FEA214EBB3E00AE61C9 /* LaunchScreen.storyboard */ = {
			isa = PBXVariantGroup;
			children = (
				760E4FEB214EBB3E00AE61C9 /* Base */,
			);
			name = LaunchScreen.storyboard;
			sourceTree = "<group>";
		};
/* End PBXVariantGroup section */

/* Begin XCBuildConfiguration section */
		760E4FEE214EBB3E00AE61C9 /* Debug */ = {
			isa = XCBuildConfiguration;
			buildSettings = {
				ALWAYS_SEARCH_USER_PATHS = NO;
				CLANG_ANALYZER_NONNULL = YES;
				CLANG_ANALYZER_NUMBER_OBJECT_CONVERSION = YES_AGGRESSIVE;
				CLANG_CXX_LANGUAGE_STANDARD = "gnu++14";
				CLANG_CXX_LIBRARY = "libc++";
				CLANG_ENABLE_MODULES = YES;
				CLANG_ENABLE_OBJC_ARC = YES;
				CLANG_ENABLE_OBJC_WEAK = YES;
				CLANG_WARN_BLOCK_CAPTURE_AUTORELEASING = YES;
				CLANG_WARN_BOOL_CONVERSION = YES;
				CLANG_WARN_COMMA = YES;
				CLANG_WARN_CONSTANT_CONVERSION = YES;
				CLANG_WARN_DEPRECATED_OBJC_IMPLEMENTATIONS = YES;
				CLANG_WARN_DIRECT_OBJC_ISA_USAGE = YES_ERROR;
				CLANG_WARN_DOCUMENTATION_COMMENTS = YES;
				CLANG_WARN_EMPTY_BODY = YES;
				CLANG_WARN_ENUM_CONVERSION = YES;
				CLANG_WARN_INFINITE_RECURSION = YES;
				CLANG_WARN_INT_CONVERSION = YES;
				CLANG_WARN_NON_LITERAL_NULL_CONVERSION = YES;
				CLANG_WARN_OBJC_IMPLICIT_RETAIN_SELF = YES;
				CLANG_WARN_OBJC_LITERAL_CONVERSION = YES;
				CLANG_WARN_OBJC_ROOT_CLASS = YES_ERROR;
				CLANG_WARN_RANGE_LOOP_ANALYSIS = YES;
				CLANG_WARN_STRICT_PROTOTYPES = YES;
				CLANG_WARN_SUSPICIOUS_MOVE = YES;
				CLANG_WARN_UNGUARDED_AVAILABILITY = YES_AGGRESSIVE;
				CLANG_WARN_UNREACHABLE_CODE = YES;
				CLANG_WARN__DUPLICATE_METHOD_MATCH = YES;
				CODE_SIGN_IDENTITY = "iPhone Developer";
				COPY_PHASE_STRIP = NO;
				DEBUG_INFORMATION_FORMAT = dwarf;
				ENABLE_STRICT_OBJC_MSGSEND = YES;
				ENABLE_TESTABILITY = YES;
				GCC_C_LANGUAGE_STANDARD = gnu11;
				GCC_DYNAMIC_NO_PIC = NO;
				GCC_NO_COMMON_BLOCKS = YES;
				GCC_OPTIMIZATION_LEVEL = 0;
				GCC_PREPROCESSOR_DEFINITIONS = (
					"DEBUG=1",
					"$(inherited)",
				);
				GCC_WARN_64_TO_32_BIT_CONVERSION = YES;
				GCC_WARN_ABOUT_RETURN_TYPE = YES_ERROR;
				GCC_WARN_UNDECLARED_SELECTOR = YES;
				GCC_WARN_UNINITIALIZED_AUTOS = YES_AGGRESSIVE;
				GCC_WARN_UNUSED_FUNCTION = YES;
				GCC_WARN_UNUSED_VARIABLE = YES;
				IPHONEOS_DEPLOYMENT_TARGET = 11.4;
				MTL_ENABLE_DEBUG_INFO = YES;
				ONLY_ACTIVE_ARCH = YES;
				SDKROOT = iphoneos;
				SWIFT_ACTIVE_COMPILATION_CONDITIONS = DEBUG;
				SWIFT_OPTIMIZATION_LEVEL = "-Onone";
			};
			name = Debug;
		};
		760E4FEF214EBB3E00AE61C9 /* Release */ = {
			isa = XCBuildConfiguration;
			buildSettings = {
				ALWAYS_SEARCH_USER_PATHS = NO;
				CLANG_ANALYZER_NONNULL = YES;
				CLANG_ANALYZER_NUMBER_OBJECT_CONVERSION = YES_AGGRESSIVE;
				CLANG_CXX_LANGUAGE_STANDARD = "gnu++14";
				CLANG_CXX_LIBRARY = "libc++";
				CLANG_ENABLE_MODULES = YES;
				CLANG_ENABLE_OBJC_ARC = YES;
				CLANG_ENABLE_OBJC_WEAK = YES;
				CLANG_WARN_BLOCK_CAPTURE_AUTORELEASING = YES;
				CLANG_WARN_BOOL_CONVERSION = YES;
				CLANG_WARN_COMMA = YES;
				CLANG_WARN_CONSTANT_CONVERSION = YES;
				CLANG_WARN_DEPRECATED_OBJC_IMPLEMENTATIONS = YES;
				CLANG_WARN_DIRECT_OBJC_ISA_USAGE = YES_ERROR;
				CLANG_WARN_DOCUMENTATION_COMMENTS = YES;
				CLANG_WARN_EMPTY_BODY = YES;
				CLANG_WARN_ENUM_CONVERSION = YES;
				CLANG_WARN_INFINITE_RECURSION = YES;
				CLANG_WARN_INT_CONVERSION = YES;
				CLANG_WARN_NON_LITERAL_NULL_CONVERSION = YES;
				CLANG_WARN_OBJC_IMPLICIT_RETAIN_SELF = YES;
				CLANG_WARN_OBJC_LITERAL_CONVERSION = YES;
				CLANG_WARN_OBJC_ROOT_CLASS = YES_ERROR;
				CLANG_WARN_RANGE_LOOP_ANALYSIS = YES;
				CLANG_WARN_STRICT_PROTOTYPES = YES;
				CLANG_WARN_SUSPICIOUS_MOVE = YES;
				CLANG_WARN_UNGUARDED_AVAILABILITY = YES_AGGRESSIVE;
				CLANG_WARN_UNREACHABLE_CODE = YES;
				CLANG_WARN__DUPLICATE_METHOD_MATCH = YES;
				CODE_SIGN_IDENTITY = "iPhone Developer";
				COPY_PHASE_STRIP = NO;
				DEBUG_INFORMATION_FORMAT = "dwarf-with-dsym";
				ENABLE_NS_ASSERTIONS = NO;
				ENABLE_STRICT_OBJC_MSGSEND = YES;
				GCC_C_LANGUAGE_STANDARD = gnu11;
				GCC_NO_COMMON_BLOCKS = YES;
				GCC_WARN_64_TO_32_BIT_CONVERSION = YES;
				GCC_WARN_ABOUT_RETURN_TYPE = YES_ERROR;
				GCC_WARN_UNDECLARED_SELECTOR = YES;
				GCC_WARN_UNINITIALIZED_AUTOS = YES_AGGRESSIVE;
				GCC_WARN_UNUSED_FUNCTION = YES;
				GCC_WARN_UNUSED_VARIABLE = YES;
				IPHONEOS_DEPLOYMENT_TARGET = 11.4;
				MTL_ENABLE_DEBUG_INFO = NO;
				SDKROOT = iphoneos;
				SWIFT_COMPILATION_MODE = wholemodule;
				SWIFT_OPTIMIZATION_LEVEL = "-O";
				VALIDATE_PRODUCT = YES;
			};
			name = Release;
		};
		760E4FF1214EBB3E00AE61C9 /* Debug */ = {
			isa = XCBuildConfiguration;
			buildSettings = {
				ASSETCATALOG_COMPILER_APPICON_NAME = AppIcon;
				CODE_SIGN_STYLE = Automatic;
				INFOPLIST_FILE = customLoader/Info.plist;
				LD_RUNPATH_SEARCH_PATHS = (
					"$(inherited)",
					"@executable_path/Frameworks",
				);
				PRODUCT_BUNDLE_IDENTIFIER = aroemer.customLoader;
				PRODUCT_NAME = "$(TARGET_NAME)";
				SWIFT_VERSION = 4.0;
				TARGETED_DEVICE_FAMILY = "1,2";
			};
			name = Debug;
		};
		760E4FF2214EBB3E00AE61C9 /* Release */ = {
			isa = XCBuildConfiguration;
			buildSettings = {
				ASSETCATALOG_COMPILER_APPICON_NAME = AppIcon;
				CODE_SIGN_STYLE = Automatic;
				INFOPLIST_FILE = customLoader/Info.plist;
				LD_RUNPATH_SEARCH_PATHS = (
					"$(inherited)",
					"@executable_path/Frameworks",
				);
				PRODUCT_BUNDLE_IDENTIFIER = aroemer.customLoader;
				PRODUCT_NAME = "$(TARGET_NAME)";
				SWIFT_VERSION = 4.0;
				TARGETED_DEVICE_FAMILY = "1,2";
			};
			name = Release;
		};
/* End XCBuildConfiguration section */

/* Begin XCConfigurationList section */
		760E4FD9214EBB3B00AE61C9 /* Build configuration list for PBXProject "customLoader" */ = {
			isa = XCConfigurationList;
			buildConfigurations = (
				760E4FEE214EBB3E00AE61C9 /* Debug */,
				760E4FEF214EBB3E00AE61C9 /* Release */,
			);
			defaultConfigurationIsVisible = 0;
			defaultConfigurationName = Release;
		};
		760E4FF0214EBB3E00AE61C9 /* Build configuration list for PBXNativeTarget "customLoader" */ = {
			isa = XCConfigurationList;
			buildConfigurations = (
				760E4FF1214EBB3E00AE61C9 /* Debug */,
				760E4FF2214EBB3E00AE61C9 /* Release */,
			);
			defaultConfigurationIsVisible = 0;
			defaultConfigurationName = Release;
		};
/* End XCConfigurationList section */
	};
	rootObject = 760E4FD6214EBB3B00AE61C9 /* Project object */;
}
